
Microsoft Visual Studio Solution File, Format Version 12.00
# Visual Studio Version 17
VisualStudioVersion = 17.5.002.0
MinimumVisualStudioVersion = 10.0.40219.1
Project("{9A19103F-16F7-4668-BE54-9A1E7A4F7556}") = "Guestbook", "Guestbook.csproj", "{B4B41C9D-20F9-45B2-BABE-F450B4C727F6}"
EndProject
Global
	GlobalSection(SolutionConfigurationPlatforms) = preSolution
		Debug|Any CPU = Debug|Any CPU
		Release|Any CPU = Release|Any CPU
	EndGlobalSection
	GlobalSection(ProjectConfigurationPlatforms) = postSolution
		{B4B41C9D-20F9-45B2-BABE-F450B4C727F6}.Debug|Any CPU.ActiveCfg = Debug|Any CPU
		{B4B41C9D-20F9-45B2-BABE-F450B4C727F6}.Debug|Any CPU.Build.0 = Debug|Any CPU
		{B4B41C9D-20F9-45B2-BABE-F450B4C727F6}.Release|Any CPU.ActiveCfg = Release|Any CPU
		{B4B41C9D-20F9-45B2-BABE-F450B4C727F6}.Release|Any CPU.Build.0 = Release|Any CPU
	EndGlobalSection
	GlobalSection(SolutionProperties) = preSolution
		HideSolutionNode = FALSE
	EndGlobalSection
	GlobalSection(ExtensibilityGlobals) = postSolution
		SolutionGuid = {F3F57AE6-D220-42D1-AF54-6F1813CDB9FF}
	EndGlobalSection
EndGlobal
